{
  "name": "portfolio",
  "version": "1.0.0",
  "lockfileVersion": 3,
  "requires": true,
  "packages": {
    "": {
      "name": "portfolio",
      "version": "1.0.0",
      "license": "ISC",
      "dependencies": {
        "@amansanoj/brand": "^3.0.8"
      }
    },
    "node_modules/@amansanoj/brand": {
      "version": "3.0.8",
      "resolved": "https://registry.npmjs.org/@amansanoj/brand/-/brand-3.0.8.tgz",
      "integrity": "sha512-iluk4MSKnLBjoQ6Bd1M+C6Y8kfrcN3K+riFFtSwAdBlAXxrbEUqE2rIJGvW2iIEFWLOHME235bRNWVw6SayZ7g==",
      "peerDependencies": {
        "typescript": "^5"
      }
    },
    "node_modules/typescript": {
      "version": "5.9.3",
      "resolved": "https://registry.npmjs.org/typescript/-/typescript-5.9.3.tgz",
      "integrity": "sha512-jl1vZzPDinLr9eUt3J/t7V6FgNEw9QjvBPdysz9KfQDD41fQrC2Y4vKQdiaUpFT4bXlb1RHhLpp8wtm6M5TgSw==",
      "license": "Apache-2.0",
      "peer": true,
      "bin": {
        "tsc": "bin/tsc",
        "tsserver": "bin/tsserver"
      },
      "engines": {
        "node": ">=14.17"
      }
    }
  }
}
